// !$*UTF8*$!
{
	archiveVersion = 1;
	classes = {
	};
	objectVersion = 55;
	objects = {

/* Begin PBXBuildFile section */
		AF608C4228915E31007E22B6 /* CourseSection.swift in Sources */ = {isa = PBXBuildFile; fileRef = AF608C4028915E31007E22B6 /* CourseSection.swift */; };
		AF608C4328915E31007E22B6 /* Course.swift in Sources */ = {isa = PBXBuildFile; fileRef = AF608C4128915E31007E22B6 /* Course.swift */; };
		AF608C4528915E77007E22B6 /* VCard.swift in Sources */ = {isa = PBXBuildFile; fileRef = AF608C4428915E77007E22B6 /* VCard.swift */; };
		AF608C4728916214007E22B6 /* HCard.swift in Sources */ = {isa = PBXBuildFile; fileRef = AF608C4628916214007E22B6 /* HCard.swift */; };
		AF608C4928916688007E22B6 /* HomeView.swift in Sources */ = {isa = PBXBuildFile; fileRef = AF608C4828916688007E22B6 /* HomeView.swift */; };
		AF608C4B28916908007E22B6 /* SideMenu.swift in Sources */ = {isa = PBXBuildFile; fileRef = AF608C4A28916908007E22B6 /* SideMenu.swift */; };
		AF80DB76289186DE0046F6F5 /* MenuRow.swift in Sources */ = {isa = PBXBuildFile; fileRef = AF80DB75289186DE0046F6F5 /* MenuRow.swift */; };
		AFC6A6F2284E260F00A54EEA /* AnimatedApp.swift in Sources */ = {isa = PBXBuildFile; fileRef = AFC6A6F1284E260F00A54EEA /* AnimatedApp.swift */; };
		AFC6A6F4284E260F00A54EEA /* ContentView.swift in Sources */ = {isa = PBXBuildFile; fileRef = AFC6A6F3284E260F00A54EEA /* ContentView.swift */; };
		AFC6A6F6284E261E00A54EEA /* Assets.xcassets in Resources */ = {isa = PBXBuildFile; fileRef = AFC6A6F5284E261E00A54EEA /* Assets.xcassets */; };
		AFC6A6F9284E261E00A54EEA /* Preview Assets.xcassets in Resources */ = {isa = PBXBuildFile; fileRef = AFC6A6F8284E261E00A54EEA /* Preview Assets.xcassets */; };
		AFC6A707284E522300A54EEA /* house.riv in Resources */ = {isa = PBXBuildFile; fileRef = AFC6A700284E522300A54EEA /* house.riv */; };
		AFC6A708284E522300A54EEA /* confetti.riv in Resources */ = {isa = PBXBuildFile; fileRef = AFC6A701284E522300A54EEA /* confetti.riv */; };
		AFC6A709284E522300A54EEA /* check.riv in Resources */ = {isa = PBXBuildFile; fileRef = AFC6A702284E522300A54EEA /* check.riv */; };
		AFC6A70A284E522300A54EEA /* menu_button.riv in Resources */ = {isa = PBXBuildFile; fileRef = AFC6A703284E522300A54EEA /* menu_button.riv */; };
		AFC6A70B284E522300A54EEA /* shapes.riv in Resources */ = {isa = PBXBuildFile; fileRef = AFC6A704284E522300A54EEA /* shapes.riv */; };
		AFC6A70C284E522300A54EEA /* button.riv in Resources */ = {isa = PBXBuildFile; fileRef = AFC6A705284E522300A54EEA /* button.riv */; };
		AFC6A70D284E522300A54EEA /* icons.riv in Resources */ = {isa = PBXBuildFile; fileRef = AFC6A706284E522300A54EEA /* icons.riv */; };
		AFC6A710284E531300A54EEA /* RiveRuntime in Frameworks */ = {isa = PBXBuildFile; productRef = AFC6A70F284E531300A54EEA /* RiveRuntime */; };
		AFC6A712284E536300A54EEA /* OnboardingView.swift in Sources */ = {isa = PBXBuildFile; fileRef = AFC6A711284E536300A54EEA /* OnboardingView.swift */; };
		AFC6A717284F88CC00A54EEA /* Inter-Regular.ttf in Resources */ = {isa = PBXBuildFile; fileRef = AFC6A714284F88CC00A54EEA /* Inter-Regular.ttf */; };
		AFC6A718284F88CC00A54EEA /* Poppins-Bold.ttf in Resources */ = {isa = PBXBuildFile; fileRef = AFC6A715284F88CC00A54EEA /* Poppins-Bold.ttf */; };
		AFC6A719284F88CC00A54EEA /* Inter-SemiBold.ttf in Resources */ = {isa = PBXBuildFile; fileRef = AFC6A716284F88CC00A54EEA /* Inter-SemiBold.ttf */; };
		AFC6A71C284F8D2000A54EEA /* CustomFont.swift in Sources */ = {isa = PBXBuildFile; fileRef = AFC6A71B284F8D2000A54EEA /* CustomFont.swift */; };
		AFC6A71E284F9FB700A54EEA /* SignInView.swift in Sources */ = {isa = PBXBuildFile; fileRef = AFC6A71D284F9FB700A54EEA /* SignInView.swift */; };
		AFC6A720284FA5D500A54EEA /* CustomTextField.swift in Sources */ = {isa = PBXBuildFile; fileRef = AFC6A71F284FA5D500A54EEA /* CustomTextField.swift */; };
		AFC6A722284FA89000A54EEA /* Extensions.swift in Sources */ = {isa = PBXBuildFile; fileRef = AFC6A721284FA89000A54EEA /* Extensions.swift */; };
		AFC6C21B288EDF0C00FA80AE /* TabBar.swift in Sources */ = {isa = PBXBuildFile; fileRef = AFC6C21A288EDF0B00FA80AE /* TabBar.swift */; };
/* End PBXBuildFile section */

/* Begin PBXFileReference section */
		AF608C4028915E31007E22B6 /* CourseSection.swift */ = {isa = PBXFileReference; fileEncoding = 4; lastKnownFileType = sourcecode.swift; path = CourseSection.swift; sourceTree = "<group>"; };
		AF608C4128915E31007E22B6 /* Course.swift */ = {isa = PBXFileReference; fileEncoding = 4; lastKnownFileType = sourcecode.swift; path = Course.swift; sourceTree = "<group>"; };
		AF608C4428915E77007E22B6 /* VCard.swift */ = {isa = PBXFileReference; lastKnownFileType = sourcecode.swift; path = VCard.swift; sourceTree = "<group>"; };
		AF608C4628916214007E22B6 /* HCard.swift */ = {isa = PBXFileReference; lastKnownFileType = sourcecode.swift; path = HCard.swift; sourceTree = "<group>"; };
		AF608C4828916688007E22B6 /* HomeView.swift */ = {isa = PBXFileReference; lastKnownFileType = sourcecode.swift; path = HomeView.swift; sourceTree = "<group>"; };
		AF608C4A28916908007E22B6 /* SideMenu.swift */ = {isa = PBXFileReference; lastKnownFileType = sourcecode.swift; path = SideMenu.swift; sourceTree = "<group>"; };
		AF80DB75289186DE0046F6F5 /* MenuRow.swift */ = {isa = PBXFileReference; lastKnownFileType = sourcecode.swift; path = MenuRow.swift; sourceTree = "<group>"; };
		AFC6A6EE284E260F00A54EEA /* Animated.app */ = {isa = PBXFileReference; explicitFileType = wrapper.application; includeInIndex = 0; path = Animated.app; sourceTree = BUILT_PRODUCTS_DIR; };
		AFC6A6F1284E260F00A54EEA /* AnimatedApp.swift */ = {isa = PBXFileReference; lastKnownFileType = sourcecode.swift; path = AnimatedApp.swift; sourceTree = "<group>"; };
		AFC6A6F3284E260F00A54EEA /* ContentView.swift */ = {isa = PBXFileReference; lastKnownFileType = sourcecode.swift; path = ContentView.swift; sourceTree = "<group>"; };
		AFC6A6F5284E261E00A54EEA /* Assets.xcassets */ = {isa = PBXFileReference; lastKnownFileType = folder.assetcatalog; path = Assets.xcassets; sourceTree = "<group>"; };
		AFC6A6F8284E261E00A54EEA /* Preview Assets.xcassets */ = {isa = PBXFileReference; lastKnownFileType = folder.assetcatalog; path = "Preview Assets.xcassets"; sourceTree = "<group>"; };
		AFC6A700284E522300A54EEA /* house.riv */ = {isa = PBXFileReference; lastKnownFileType = file; path = house.riv; sourceTree = "<group>"; };
		AFC6A701284E522300A54EEA /* confetti.riv */ = {isa = PBXFileReference; lastKnownFileType = file; path = confetti.riv; sourceTree = "<group>"; };
		AFC6A702284E522300A54EEA /* check.riv */ = {isa = PBXFileReference; lastKnownFileType = file; path = check.riv; sourceTree = "<group>"; };
		AFC6A703284E522300A54EEA /* menu_button.riv */ = {isa = PBXFileReference; lastKnownFileType = file; path = menu_button.riv; sourceTree = "<group>"; };
		AFC6A704284E522300A54EEA /* shapes.riv */ = {isa = PBXFileReference; lastKnownFileType = file; path = shapes.riv; sourceTree = "<group>"; };
		AFC6A705284E522300A54EEA /* button.riv */ = {isa = PBXFileReference; lastKnownFileType = file; path = button.riv; sourceTree = "<group>"; };
		AFC6A706284E522300A54EEA /* icons.riv */ = {isa = PBXFileReference; lastKnownFileType = file; path = icons.riv; sourceTree = "<group>"; };
		AFC6A711284E536300A54EEA /* OnboardingView.swift */ = {isa = PBXFileReference; lastKnownFileType = sourcecode.swift; path = OnboardingView.swift; sourceTree = "<group>"; };
		AFC6A714284F88CC00A54EEA /* Inter-Regular.ttf */ = {isa = PBXFileReference; lastKnownFileType = file; path = "Inter-Regular.ttf"; sourceTree = "<group>"; };
		AFC6A715284F88CC00A54EEA /* Poppins-Bold.ttf */ = {isa = PBXFileReference; lastKnownFileType = file; path = "Poppins-Bold.ttf"; sourceTree = "<group>"; };
		AFC6A716284F88CC00A54EEA /* Inter-SemiBold.ttf */ = {isa = PBXFileReference; lastKnownFileType = file; path = "Inter-SemiBold.ttf"; sourceTree = "<group>"; };
		AFC6A71A284F88F200A54EEA /* Info.plist */ = {isa = PBXFileReference; lastKnownFileType = text.plist; path = Info.plist; sourceTree = "<group>"; };
		AFC6A71B284F8D2000A54EEA /* CustomFont.swift */ = {isa = PBXFileReference; lastKnownFileType = sourcecode.swift; path = CustomFont.swift; sourceTree = "<group>"; };
		AFC6A71D284F9FB700A54EEA /* SignInView.swift */ = {isa = PBXFileReference; lastKnownFileType = sourcecode.swift; path = SignInView.swift; sourceTree = "<group>"; };
		AFC6A71F284FA5D500A54EEA /* CustomTextField.swift */ = {isa = PBXFileReference; lastKnownFileType = sourcecode.swift; path = CustomTextField.swift; sourceTree = "<group>"; };
		AFC6A721284FA89000A54EEA /* Extensions.swift */ = {isa = PBXFileReference; lastKnownFileType = sourcecode.swift; path = Extensions.swift; sourceTree = "<group>"; };
		AFC6C21A288EDF0B00FA80AE /* TabBar.swift */ = {isa = PBXFileReference; lastKnownFileType = sourcecode.swift; path = TabBar.swift; sourceTree = "<group>"; };
/* End PBXFileReference section */

/* Begin PBXFrameworksBuildPhase section */
		AFC6A6EB284E260F00A54EEA /* Frameworks */ = {
			isa = PBXFrameworksBuildPhase;
			buildActionMask = 2147483647;
			files = (
				AFC6A710284E531300A54EEA /* RiveRuntime in Frameworks */,
			);
			runOnlyForDeploymentPostprocessing = 0;
		};
/* End PBXFrameworksBuildPhase section */

/* Begin PBXGroup section */
		AF608C3F28915E31007E22B6 /* Model */ = {
			isa = PBXGroup;
			children = (
				AF608C4028915E31007E22B6 /* CourseSection.swift */,
				AF608C4128915E31007E22B6 /* Course.swift */,
			);
			path = Model;
			sourceTree = "<group>";
		};
		AFC6A6E5284E260F00A54EEA = {
			isa = PBXGroup;
			children = (
				AFC6A6F0284E260F00A54EEA /* Animated */,
				AFC6A6EF284E260F00A54EEA /* Products */,
			);
			sourceTree = "<group>";
		};
		AFC6A6EF284E260F00A54EEA /* Products */ = {
			isa = PBXGroup;
			children = (
				AFC6A6EE284E260F00A54EEA /* Animated.app */,
			);
			name = Products;
			sourceTree = "<group>";
		};
		AFC6A6F0284E260F00A54EEA /* Animated */ = {
			isa = PBXGroup;
			children = (
				AFC6A71A284F88F200A54EEA /* Info.plist */,
				AFC6A6F1284E260F00A54EEA /* AnimatedApp.swift */,
				AFFA826128A112AD00091586 /* Navigation */,
				AFFA826028A1128500091586 /* Components */,
				AFC6A723284FBE8A00A54EEA /* Views */,
				AFC6A724284FBE9A00A54EEA /* Styles */,
				AF608C3F28915E31007E22B6 /* Model */,
				AFC6A6F5284E261E00A54EEA /* Assets.xcassets */,
				AFC6A713284F88CC00A54EEA /* Fonts */,
				AFC6A6FF284E522300A54EEA /* RiveAssets */,
				AFC6A6F7284E261E00A54EEA /* Preview Content */,
			);
			path = Animated;
			sourceTree = "<group>";
		};
		AFC6A6F7284E261E00A54EEA /* Preview Content */ = {
			isa = PBXGroup;
			children = (
				AFC6A6F8284E261E00A54EEA /* Preview Assets.xcassets */,
			);
			path = "Preview Content";
			sourceTree = "<group>";
		};
		AFC6A6FF284E522300A54EEA /* RiveAssets */ = {
			isa = PBXGroup;
			children = (
				AFC6A700284E522300A54EEA /* house.riv */,
				AFC6A701284E522300A54EEA /* confetti.riv */,
				AFC6A702284E522300A54EEA /* check.riv */,
				AFC6A703284E522300A54EEA /* menu_button.riv */,
				AFC6A704284E522300A54EEA /* shapes.riv */,
				AFC6A705284E522300A54EEA /* button.riv */,
				AFC6A706284E522300A54EEA /* icons.riv */,
			);
			path = RiveAssets;
			sourceTree = "<group>";
		};
		AFC6A713284F88CC00A54EEA /* Fonts */ = {
			isa = PBXGroup;
			children = (
				AFC6A714284F88CC00A54EEA /* Inter-Regular.ttf */,
				AFC6A715284F88CC00A54EEA /* Poppins-Bold.ttf */,
				AFC6A716284F88CC00A54EEA /* Inter-SemiBold.ttf */,
			);
			path = Fonts;
			sourceTree = "<group>";
		};
		AFC6A723284FBE8A00A54EEA /* Views */ = {
			isa = PBXGroup;
			children = (
				AF608C4828916688007E22B6 /* HomeView.swift */,
				AFC6A711284E536300A54EEA /* OnboardingView.swift */,
				AFC6A71D284F9FB700A54EEA /* SignInView.swift */,
			);
			path = Views;
			sourceTree = "<group>";
		};
		AFC6A724284FBE9A00A54EEA /* Styles */ = {
			isa = PBXGroup;
			children = (
				AFC6A721284FA89000A54EEA /* Extensions.swift */,
				AFC6A71F284FA5D500A54EEA /* CustomTextField.swift */,
				AFC6A71B284F8D2000A54EEA /* CustomFont.swift */,
			);
			path = Styles;
			sourceTree = "<group>";
		};
		AFFA826028A1128500091586 /* Components */ = {
			isa = PBXGroup;
			children = (
				AF80DB75289186DE0046F6F5 /* MenuRow.swift */,
				AF608C4428915E77007E22B6 /* VCard.swift */,
				AF608C4628916214007E22B6 /* HCard.swift */,
			);
			path = Components;
			sourceTree = "<group>";
		};
		AFFA826128A112AD00091586 /* Navigation */ = {
			isa = PBXGroup;
			children = (
				AFC6A6F3284E260F00A54EEA /* ContentView.swift */,
				AF608C4A28916908007E22B6 /* SideMenu.swift */,
				AFC6C21A288EDF0B00FA80AE /* TabBar.swift */,
			);
			path = Navigation;
			sourceTree = "<group>";
		};
/* End PBXGroup section */

/* Begin PBXNativeTarget section */
		AFC6A6ED284E260F00A54EEA /* Animated */ = {
			isa = PBXNativeTarget;
			buildConfigurationList = AFC6A6FC284E261E00A54EEA /* Build configuration list for PBXNativeTarget "Animated" */;
			buildPhases = (
				AFC6A6EA284E260F00A54EEA /* Sources */,
				AFC6A6EB284E260F00A54EEA /* Frameworks */,
				AFC6A6EC284E260F00A54EEA /* Resources */,
			);
			buildRules = (
			);
			dependencies = (
			);
			name = Animated;
			packageProductDependencies = (
				AFC6A70F284E531300A54EEA /* RiveRuntime */,
			);
			productName = Animated;
			productReference = AFC6A6EE284E260F00A54EEA /* Animated.app */;
			productType = "com.apple.product-type.application";
		};
/* End PBXNativeTarget section */

/* Begin PBXProject section */
		AFC6A6E6284E260F00A54EEA /* Project object */ = {
			isa = PBXProject;
			attributes = {
				BuildIndependentTargetsInParallel = 1;
				LastSwiftUpdateCheck = 1330;
				LastUpgradeCheck = 1330;
				TargetAttributes = {
					AFC6A6ED284E260F00A54EEA = {
						CreatedOnToolsVersion = 13.3.1;
					};
				};
			};
			buildConfigurationList = AFC6A6E9284E260F00A54EEA /* Build configuration list for PBXProject "Animated" */;
			compatibilityVersion = "Xcode 13.0";
			developmentRegion = en;
			hasScannedForEncodings = 0;
			knownRegions = (
				en,
				Base,
			);
			mainGroup = AFC6A6E5284E260F00A54EEA;
			packageReferences = (
				AFC6A70E284E531300A54EEA /* XCRemoteSwiftPackageReference "rive-ios" */,
			);
			productRefGroup = AFC6A6EF284E260F00A54EEA /* Products */;
			projectDirPath = "";
			projectRoot = "";
			targets = (
				AFC6A6ED284E260F00A54EEA /* Animated */,
			);
		};
/* End PBXProject section */

/* Begin PBXResourcesBuildPhase section */
		AFC6A6EC284E260F00A54EEA /* Resources */ = {
			isa = PBXResourcesBuildPhase;
			buildActionMask = 2147483647;
			files = (
				AFC6A719284F88CC00A54EEA /* Inter-SemiBold.ttf in Resources */,
				AFC6A70B284E522300A54EEA /* shapes.riv in Resources */,
				AFC6A709284E522300A54EEA /* check.riv in Resources */,
				AFC6A6F9284E261E00A54EEA /* Preview Assets.xcassets in Resources */,
				AFC6A70A284E522300A54EEA /* menu_button.riv in Resources */,
				AFC6A707284E522300A54EEA /* house.riv in Resources */,
				AFC6A70C284E522300A54EEA /* button.riv in Resources */,
				AFC6A717284F88CC00A54EEA /* Inter-Regular.ttf in Resources */,
				AFC6A718284F88CC00A54EEA /* Poppins-Bold.ttf in Resources */,
				AFC6A6F6284E261E00A54EEA /* Assets.xcassets in Resources */,
				AFC6A708284E522300A54EEA /* confetti.riv in Resources */,
				AFC6A70D284E522300A54EEA /* icons.riv in Resources */,
			);
			runOnlyForDeploymentPostprocessing = 0;
		};
/* End PBXResourcesBuildPhase section */

/* Begin PBXSourcesBuildPhase section */
		AFC6A6EA284E260F00A54EEA /* Sources */ = {
			isa = PBXSourcesBuildPhase;
			buildActionMask = 2147483647;
			files = (
				AF608C4728916214007E22B6 /* HCard.swift in Sources */,
				AFC6A712284E536300A54EEA /* OnboardingView.swift in Sources */,
				AF608C4928916688007E22B6 /* HomeView.swift in Sources */,
				AF608C4B28916908007E22B6 /* SideMenu.swift in Sources */,
				AFC6A71C284F8D2000A54EEA /* CustomFont.swift in Sources */,
				AF608C4328915E31007E22B6 /* Course.swift in Sources */,
				AFC6A720284FA5D500A54EEA /* CustomTextField.swift in Sources */,
				AFC6C21B288EDF0C00FA80AE /* TabBar.swift in Sources */,
				AF608C4528915E77007E22B6 /* VCard.swift in Sources */,
				AFC6A6F4284E260F00A54EEA /* ContentView.swift in Sources */,
				AFC6A6F2284E260F00A54EEA /* AnimatedApp.swift in Sources */,
				AFC6A71E284F9FB700A54EEA /* SignInView.swift in Sources */,
				AF608C4228915E31007E22B6 /* CourseSection.swift in Sources */,
				AFC6A722284FA89000A54EEA /* Extensions.swift in Sources */,
				AF80DB76289186DE0046F6F5 /* MenuRow.swift in Sources */,
			);
			runOnlyForDeploymentPostprocessing = 0;
		};
/* End PBXSourcesBuildPhase section */

/* Begin XCBuildConfiguration section */
		AFC6A6FA284E261E00A54EEA /* Debug */ = {
			isa = XCBuildConfiguration;
			buildSettings = {
				ALWAYS_SEARCH_USER_PATHS = NO;
				CLANG_ANALYZER_NONNULL = YES;
				CLANG_ANALYZER_NUMBER_OBJECT_CONVERSION = YES_AGGRESSIVE;
				CLANG_CXX_LANGUAGE_STANDARD = "gnu++17";
				CLANG_ENABLE_MODULES = YES;
				CLANG_ENABLE_OBJC_ARC = YES;
				CLANG_ENABLE_OBJC_WEAK = YES;
				CLANG_WARN_BLOCK_CAPTURE_AUTORELEASING = YES;
				CLANG_WARN_BOOL_CONVERSION = YES;
				CLANG_WARN_COMMA = YES;
				CLANG_WARN_CONSTANT_CONVERSION = YES;
				CLANG_WARN_DEPRECATED_OBJC_IMPLEMENTATIONS = YES;
				CLANG_WARN_DIRECT_OBJC_ISA_USAGE = YES_ERROR;
				CLANG_WARN_DOCUMENTATION_COMMENTS = YES;
				CLANG_WARN_EMPTY_BODY = YES;
				CLANG_WARN_ENUM_CONVERSION = YES;
				CLANG_WARN_INFINITE_RECURSION = YES;
				CLANG_WARN_INT_CONVERSION = YES;
				CLANG_WARN_NON_LITERAL_NULL_CONVERSION = YES;
				CLANG_WARN_OBJC_IMPLICIT_RETAIN_SELF = YES;
				CLANG_WARN_OBJC_LITERAL_CONVERSION = YES;
				CLANG_WARN_OBJC_ROOT_CLASS = YES_ERROR;
				CLANG_WARN_QUOTED_INCLUDE_IN_FRAMEWORK_HEADER = YES;
				CLANG_WARN_RANGE_LOOP_ANALYSIS = YES;
				CLANG_WARN_STRICT_PROTOTYPES = YES;
				CLANG_WARN_SUSPICIOUS_MOVE = YES;
				CLANG_WARN_UNGUARDED_AVAILABILITY = YES_AGGRESSIVE;
				CLANG_WARN_UNREACHABLE_CODE = YES;
				CLANG_WARN__DUPLICATE_METHOD_MATCH = YES;
				COPY_PHASE_STRIP = NO;
				DEBUG_INFORMATION_FORMAT = dwarf;
				ENABLE_STRICT_OBJC_MSGSEND = YES;
				ENABLE_TESTABILITY = YES;
				GCC_C_LANGUAGE_STANDARD = gnu11;
				GCC_DYNAMIC_NO_PIC = NO;
				GCC_NO_COMMON_BLOCKS = YES;
				GCC_OPTIMIZATION_LEVEL = 0;
				GCC_PREPROCESSOR_DEFINITIONS = (
					"DEBUG=1",
					"$(inherited)",
				);
				GCC_WARN_64_TO_32_BIT_CONVERSION = YES;
				GCC_WARN_ABOUT_RETURN_TYPE = YES_ERROR;
				GCC_WARN_UNDECLARED_SELECTOR = YES;
				GCC_WARN_UNINITIALIZED_AUTOS = YES_AGGRESSIVE;
				GCC_WARN_UNUSED_FUNCTION = YES;
				GCC_WARN_UNUSED_VARIABLE = YES;
				IPHONEOS_DEPLOYMENT_TARGET = 15.4;
				MTL_ENABLE_DEBUG_INFO = INCLUDE_SOURCE;
				MTL_FAST_MATH = YES;
				ONLY_ACTIVE_ARCH = YES;
				SDKROOT = iphoneos;
				SWIFT_ACTIVE_COMPILATION_CONDITIONS = DEBUG;
				SWIFT_OPTIMIZATION_LEVEL = "-Onone";
			};
			name = Debug;
		};
		AFC6A6FB284E261E00A54EEA /* Release */ = {
			isa = XCBuildConfiguration;
			buildSettings = {
				ALWAYS_SEARCH_USER_PATHS = NO;
				CLANG_ANALYZER_NONNULL = YES;
				CLANG_ANALYZER_NUMBER_OBJECT_CONVERSION = YES_AGGRESSIVE;
				CLANG_CXX_LANGUAGE_STANDARD = "gnu++17";
				CLANG_ENABLE_MODULES = YES;
				CLANG_ENABLE_OBJC_ARC = YES;
				CLANG_ENABLE_OBJC_WEAK = YES;
				CLANG_WARN_BLOCK_CAPTURE_AUTORELEASING = YES;
				CLANG_WARN_BOOL_CONVERSION = YES;
				CLANG_WARN_COMMA = YES;
				CLANG_WARN_CONSTANT_CONVERSION = YES;
				CLANG_WARN_DEPRECATED_OBJC_IMPLEMENTATIONS = YES;
				CLANG_WARN_DIRECT_OBJC_ISA_USAGE = YES_ERROR;
				CLANG_WARN_DOCUMENTATION_COMMENTS = YES;
				CLANG_WARN_EMPTY_BODY = YES;
				CLANG_WARN_ENUM_CONVERSION = YES;
				CLANG_WARN_INFINITE_RECURSION = YES;
				CLANG_WARN_INT_CONVERSION = YES;
				CLANG_WARN_NON_LITERAL_NULL_CONVERSION = YES;
				CLANG_WARN_OBJC_IMPLICIT_RETAIN_SELF = YES;
				CLANG_WARN_OBJC_LITERAL_CONVERSION = YES;
				CLANG_WARN_OBJC_ROOT_CLASS = YES_ERROR;
				CLANG_WARN_QUOTED_INCLUDE_IN_FRAMEWORK_HEADER = YES;
				CLANG_WARN_RANGE_LOOP_ANALYSIS = YES;
				CLANG_WARN_STRICT_PROTOTYPES = YES;
				CLANG_WARN_SUSPICIOUS_MOVE = YES;
				CLANG_WARN_UNGUARDED_AVAILABILITY = YES_AGGRESSIVE;
				CLANG_WARN_UNREACHABLE_CODE = YES;
				CLANG_WARN__DUPLICATE_METHOD_MATCH = YES;
				COPY_PHASE_STRIP = NO;
				DEBUG_INFORMATION_FORMAT = "dwarf-with-dsym";
				ENABLE_NS_ASSERTIONS = NO;
				ENABLE_STRICT_OBJC_MSGSEND = YES;
				GCC_C_LANGUAGE_STANDARD = gnu11;
				GCC_NO_COMMON_BLOCKS = YES;
				GCC_WARN_64_TO_32_BIT_CONVERSION = YES;
				GCC_WARN_ABOUT_RETURN_TYPE = YES_ERROR;
				GCC_WARN_UNDECLARED_SELECTOR = YES;
				GCC_WARN_UNINITIALIZED_AUTOS = YES_AGGRESSIVE;
				GCC_WARN_UNUSED_FUNCTION = YES;
				GCC_WARN_UNUSED_VARIABLE = YES;
				IPHONEOS_DEPLOYMENT_TARGET = 15.4;
				MTL_ENABLE_DEBUG_INFO = NO;
				MTL_FAST_MATH = YES;
				SDKROOT = iphoneos;
				SWIFT_COMPILATION_MODE = wholemodule;
				SWIFT_OPTIMIZATION_LEVEL = "-O";
				VALIDATE_PRODUCT = YES;
			};
			name = Release;
		};
		AFC6A6FD284E261E00A54EEA /* Debug */ = {
			isa = XCBuildConfiguration;
			buildSettings = {
				ASSETCATALOG_COMPILER_APPICON_NAME = AppIcon;
				ASSETCATALOG_COMPILER_GLOBAL_ACCENT_COLOR_NAME = AccentColor;
				CODE_SIGN_STYLE = Automatic;
				CURRENT_PROJECT_VERSION = 1;
				DEVELOPMENT_ASSET_PATHS = "\"Animated/Preview Content\"";
				DEVELOPMENT_TEAM = 66XFVHP4G6;
				ENABLE_PREVIEWS = YES;
				GENERATE_INFOPLIST_FILE = YES;
				INFOPLIST_FILE = Animated/Info.plist;
				INFOPLIST_KEY_UIApplicationSceneManifest_Generation = YES;
				INFOPLIST_KEY_UIApplicationSupportsIndirectInputEvents = YES;
				INFOPLIST_KEY_UILaunchScreen_Generation = YES;
				INFOPLIST_KEY_UISupportedInterfaceOrientations_iPad = "UIInterfaceOrientationPortrait UIInterfaceOrientationPortraitUpsideDown UIInterfaceOrientationLandscapeLeft UIInterfaceOrientationLandscapeRight";
				INFOPLIST_KEY_UISupportedInterfaceOrientations_iPhone = "UIInterfaceOrientationPortrait UIInterfaceOrientationLandscapeLeft UIInterfaceOrientationLandscapeRight";
				LD_RUNPATH_SEARCH_PATHS = (
					"$(inherited)",
					"@executable_path/Frameworks",
				);
				MARKETING_VERSION = 1.0;
				PRODUCT_BUNDLE_IDENTIFIER = cpp.Animated;
				PRODUCT_NAME = "$(TARGET_NAME)";
				SWIFT_EMIT_LOC_STRINGS = YES;
				SWIFT_VERSION = 5.0;
				TARGETED_DEVICE_FAMILY = "1,2";
			};
			name = Debug;
		};
		AFC6A6FE284E261E00A54EEA /* Release */ = {
			isa = XCBuildConfiguration;
			buildSettings = {
				ASSETCATALOG_COMPILER_APPICON_NAME = AppIcon;
				ASSETCATALOG_COMPILER_GLOBAL_ACCENT_COLOR_NAME = AccentColor;
				CODE_SIGN_STYLE = Automatic;
				CURRENT_PROJECT_VERSION = 1;
				DEVELOPMENT_ASSET_PATHS = "\"Animated/Preview Content\"";
				DEVELOPMENT_TEAM = 66XFVHP4G6;
				ENABLE_PREVIEWS = YES;
				GENERATE_INFOPLIST_FILE = YES;
				INFOPLIST_FILE = Animated/Info.plist;
				INFOPLIST_KEY_UIApplicationSceneManifest_Generation = YES;
				INFOPLIST_KEY_UIApplicationSupportsIndirectInputEvents = YES;
				INFOPLIST_KEY_UILaunchScreen_Generation = YES;
				INFOPLIST_KEY_UISupportedInterfaceOrientations_iPad = "UIInterfaceOrientationPortrait UIInterfaceOrientationPortraitUpsideDown UIInterfaceOrientationLandscapeLeft UIInterfaceOrientationLandscapeRight";
				INFOPLIST_KEY_UISupportedInterfaceOrientations_iPhone = "UIInterfaceOrientationPortrait UIInterfaceOrientationLandscapeLeft UIInterfaceOrientationLandscapeRight";
				LD_RUNPATH_SEARCH_PATHS = (
					"$(inherited)",
					"@executable_path/Frameworks",
				);
				MARKETING_VERSION = 1.0;
				PRODUCT_BUNDLE_IDENTIFIER = cpp.Animated;
				PRODUCT_NAME = "$(TARGET_NAME)";
				SWIFT_EMIT_LOC_STRINGS = YES;
				SWIFT_VERSION = 5.0;
				TARGETED_DEVICE_FAMILY = "1,2";
			};
			name = Release;
		};
/* End XCBuildConfiguration section */

/* Begin XCConfigurationList section */
		AFC6A6E9284E260F00A54EEA /* Build configuration list for PBXProject "Animated" */ = {
			isa = XCConfigurationList;
			buildConfigurations = (
				AFC6A6FA284E261E00A54EEA /* Debug */,
				AFC6A6FB284E261E00A54EEA /* Release */,
			);
			defaultConfigurationIsVisible = 0;
			defaultConfigurationName = Release;
		};
		AFC6A6FC284E261E00A54EEA /* Build configuration list for PBXNativeTarget "Animated" */ = {
			isa = XCConfigurationList;
			buildConfigurations = (
				AFC6A6FD284E261E00A54EEA /* Debug */,
				AFC6A6FE284E261E00A54EEA /* Release */,
			);
			defaultConfigurationIsVisible = 0;
			defaultConfigurationName = Release;
		};
/* End XCConfigurationList section */

/* Begin XCRemoteSwiftPackageReference section */
		AFC6A70E284E531300A54EEA /* XCRemoteSwiftPackageReference "rive-ios" */ = {
			isa = XCRemoteSwiftPackageReference;
			repositoryURL = "https://github.com/rive-app/rive-ios";
			requirement = {
				branch = main;
				kind = branch;
			};
		};
/* End XCRemoteSwiftPackageReference section */

/* Begin XCSwiftPackageProductDependency section */
		AFC6A70F284E531300A54EEA /* RiveRuntime */ = {
			isa = XCSwiftPackageProductDependency;
			package = AFC6A70E284E531300A54EEA /* XCRemoteSwiftPackageReference "rive-ios" */;
			productName = RiveRuntime;
		};
/* End XCSwiftPackageProductDependency section */
	};
	rootObject = AFC6A6E6284E260F00A54EEA /* Project object */;
}
